github.com/jembbn/dog v0.0.0-20250121213757-7ffa43e50795 h1:ux4Z5NsfwQuOv84cbyBySV1JmHG4y+ekWSYmgu4G//4=
github.com/jembbn/dog v0.0.0-20250121213757-7ffa43e50795/go.mod h1:uonK84jDL0g9+1mlvii5fVhhIu5wCu5elkVG+u5Hdr4=
github.com/jembbn/dog v0.0.0-20250128010921-9d3033bca9e3 h1:xdXKSpbHYDoz1U1tL6Ks2J8c/55nmRAxMSQR8BWJEXA=
github.com/jembbn/dog v0.0.0-20250128010921-9d3033bca9e3/go.mod h1:uonK84jDL0g9+1mlvii5fVhhIu5wCu5elkVG+u5Hdr4=
